
Microsoft Visual Studio Solution File, Format Version 12.00
# Visual Studio 15
VisualStudioVersion = 15.0.28307.645
MinimumVisualStudioVersion = 10.0.40219.1
Project("{FAE04EC0-301F-11D3-BF4B-00C04F79EFBC}") = "spine-windows-forms", "spine-windows-forms.csproj", "{CF3F0B92-38BC-4B09-AAEA-B38A9A9D6BCF}"
EndProject
Project("{FAE04EC0-301F-11D3-BF4B-00C04F79EFBC}") = "spine-csharp", "..\spine-csharp\spine-csharp.csproj", "{94144E22-2431-4A8F-AC04-DEC22F7EDD8F}"
EndProject
Global
	GlobalSection(SolutionConfigurationPlatforms) = preSolution
		Debug|Any CPU = Debug|Any CPU
		Release|Any CPU = Release|Any CPU
	EndGlobalSection
	GlobalSection(ProjectConfigurationPlatforms) = postSolution
		{CF3F0B92-38BC-4B09-AAEA-B38A9A9D6BCF}.Debug|Any CPU.ActiveCfg = Debug|Any CPU
		{CF3F0B92-38BC-4B09-AAEA-B38A9A9D6BCF}.Debug|Any CPU.Build.0 = Debug|Any CPU
		{CF3F0B92-38BC-4B09-AAEA-B38A9A9D6BCF}.Release|Any CPU.ActiveCfg = Release|Any CPU
		{CF3F0B92-38BC-4B09-AAEA-B38A9A9D6BCF}.Release|Any CPU.Build.0 = Release|Any CPU
		{94144E22-2431-4A8F-AC04-DEC22F7EDD8F}.Debug|Any CPU.ActiveCfg = Debug|Any CPU
		{94144E22-2431-4A8F-AC04-DEC22F7EDD8F}.Debug|Any CPU.Build.0 = Debug|Any CPU
		{94144E22-2431-4A8F-AC04-DEC22F7EDD8F}.Release|Any CPU.ActiveCfg = Release|Any CPU
		{94144E22-2431-4A8F-AC04-DEC22F7EDD8F}.Release|Any CPU.Build.0 = Release|Any CPU
	EndGlobalSection
	GlobalSection(SolutionProperties) = preSolution
		HideSolutionNode = FALSE
	EndGlobalSection
	GlobalSection(ExtensibilityGlobals) = postSolution
		SolutionGuid = {F36B9F54-2F76-4331-9EE6-E662D487F4F7}
	EndGlobalSection
EndGlobal
